
Microsoft Visual Studio Solution File, Format Version 12.00
# Visual Studio Version 16
VisualStudioVersion = 16.0.31624.102
MinimumVisualStudioVersion = 10.0.40219.1
Project("{FAE04EC0-301F-11D3-BF4B-00C04F79EFBC}") = "ConsoleCalculatorApp2", "ConsoleCalculatorApp2\ConsoleCalculatorApp2.csproj", "{FD667F87-AE9B-446B-8906-80F3C0032802}"
EndProject
Global
	GlobalSection(SolutionConfigurationPlatforms) = preSolution
		Debug|Any CPU = Debug|Any CPU
		Release|Any CPU = Release|Any CPU
	EndGlobalSection
	GlobalSection(ProjectConfigurationPlatforms) = postSolution
		{FD667F87-AE9B-446B-8906-80F3C0032802}.Debug|Any CPU.ActiveCfg = Debug|Any CPU
		{FD667F87-AE9B-446B-8906-80F3C0032802}.Debug|Any CPU.Build.0 = Debug|Any CPU
		{FD667F87-AE9B-446B-8906-80F3C0032802}.Release|Any CPU.ActiveCfg = Release|Any CPU
		{FD667F87-AE9B-446B-8906-80F3C0032802}.Release|Any CPU.Build.0 = Release|Any CPU
	EndGlobalSection
	GlobalSection(SolutionProperties) = preSolution
		HideSolutionNode = FALSE
	EndGlobalSection
	GlobalSection(ExtensibilityGlobals) = postSolution
		SolutionGuid = {3FD66BC0-457D-4E8D-B660-7C3C89D33D01}
	EndGlobalSection
EndGlobal
